// !$*UTF8*$!
{
	archiveVersion = 1;
	classes = {
	};
	objectVersion = 77;
	objects = {

/* Begin PBXBuildFile section */
		23C798692E3439D200583B05 /* HomeView.swift in Sources */ = {isa = PBXBuildFile; fileRef = 23C798682E3439D200583B05 /* HomeView.swift */; };
		23C798762E343B1C00583B05 /* DataService.swift in Sources */ = {isa = PBXBuildFile; fileRef = 23C798752E343B1C00583B05 /* DataService.swift */; };
		23C798782E343B4E00583B05 /* FeedView.swift in Sources */ = {isa = PBXBuildFile; fileRef = 23C798772E343B4E00583B05 /* FeedView.swift */; };
		23C7987A2E343B5800583B05 /* VideoRowView.swift in Sources */ = {isa = PBXBuildFile; fileRef = 23C798792E343B5800583B05 /* VideoRowView.swift */; };
		23C7987C2E343B6700583B05 /* VideoDetailView.swift in Sources */ = {isa = PBXBuildFile; fileRef = 23C7987B2E343B6700583B05 /* VideoDetailView.swift */; };
		23C7987E2E343B9F00583B05 /* Video.swift in Sources */ = {isa = PBXBuildFile; fileRef = 23C7987D2E343B9F00583B05 /* Video.swift */; };
		23C798802E343BAE00583B05 /* PlaylistResponse.swift in Sources */ = {isa = PBXBuildFile; fileRef = 23C7987F2E343BAE00583B05 /* PlaylistResponse.swift */; };
		23C798892E343FC400583B05 /* Config.xcconfig in Resources */ = {isa = PBXBuildFile; fileRef = 23C798882E343FC400583B05 /* Config.xcconfig */; };
		23C798952E3672B100583B05 /* YouTubePlayerKit in Frameworks */ = {isa = PBXBuildFile; productRef = 23C798942E3672B100583B05 /* YouTubePlayerKit */; };
		23C798972E36AA7300583B05 /* SearchView.swift in Sources */ = {isa = PBXBuildFile; fileRef = 23C798962E36AA7300583B05 /* SearchView.swift */; };
		23C7989A2E36B03400583B05 /* DebounceTextField.swift in Sources */ = {isa = PBXBuildFile; fileRef = 23C798992E36B03400583B05 /* DebounceTextField.swift */; };
		23FF7F162E36D9F5006FAEFD /* Snippet.swift in Sources */ = {isa = PBXBuildFile; fileRef = 23FF7F152E36D9F5006FAEFD /* Snippet.swift */; };
		23FF7F182E36DA00006FAEFD /* ResourceId.swift in Sources */ = {isa = PBXBuildFile; fileRef = 23FF7F172E36DA00006FAEFD /* ResourceId.swift */; };
		23FF7F1A2E36DA0A006FAEFD /* Thumbnails.swift in Sources */ = {isa = PBXBuildFile; fileRef = 23FF7F192E36DA0A006FAEFD /* Thumbnails.swift */; };
		23FF7F1C2E36DA17006FAEFD /* ThumbnailSize.swift in Sources */ = {isa = PBXBuildFile; fileRef = 23FF7F1B2E36DA17006FAEFD /* ThumbnailSize.swift */; };
		23FF7F202E36EDD8006FAEFD /* SearchResponse.swift in Sources */ = {isa = PBXBuildFile; fileRef = 23FF7F1F2E36EDD3006FAEFD /* SearchResponse.swift */; };
		23FF7F232E36F314006FAEFD /* SearchItem.swift in Sources */ = {isa = PBXBuildFile; fileRef = 23FF7F222E36F314006FAEFD /* SearchItem.swift */; };
		23FF7F252E36F31D006FAEFD /* PageInfo.swift in Sources */ = {isa = PBXBuildFile; fileRef = 23FF7F242E36F31D006FAEFD /* PageInfo.swift */; };
		23FF7F272E36F325006FAEFD /* ID.swift in Sources */ = {isa = PBXBuildFile; fileRef = 23FF7F262E36F325006FAEFD /* ID.swift */; };
		23FF7F292E36F32E006FAEFD /* IDKind.swift in Sources */ = {isa = PBXBuildFile; fileRef = 23FF7F282E36F32E006FAEFD /* IDKind.swift */; };
		23FF7F2B2E36F337006FAEFD /* ItemKind.swift in Sources */ = {isa = PBXBuildFile; fileRef = 23FF7F2A2E36F337006FAEFD /* ItemKind.swift */; };
		23FF7F2D2E36F374006FAEFD /* VideoResult.swift in Sources */ = {isa = PBXBuildFile; fileRef = 23FF7F2C2E36F374006FAEFD /* VideoResult.swift */; };
/* End PBXBuildFile section */

/* Begin PBXFileReference section */
		23C798632E3439D200583B05 /* YouTubeApiApp.app */ = {isa = PBXFileReference; explicitFileType = wrapper.application; includeInIndex = 0; path = YouTubeApiApp.app; sourceTree = BUILT_PRODUCTS_DIR; };
		23C798682E3439D200583B05 /* HomeView.swift */ = {isa = PBXFileReference; lastKnownFileType = sourcecode.swift; path = HomeView.swift; sourceTree = "<group>"; };
		23C798752E343B1C00583B05 /* DataService.swift */ = {isa = PBXFileReference; lastKnownFileType = sourcecode.swift; path = DataService.swift; sourceTree = "<group>"; };
		23C798772E343B4E00583B05 /* FeedView.swift */ = {isa = PBXFileReference; lastKnownFileType = sourcecode.swift; path = FeedView.swift; sourceTree = "<group>"; };
		23C798792E343B5800583B05 /* VideoRowView.swift */ = {isa = PBXFileReference; lastKnownFileType = sourcecode.swift; path = VideoRowView.swift; sourceTree = "<group>"; };
		23C7987B2E343B6700583B05 /* VideoDetailView.swift */ = {isa = PBXFileReference; lastKnownFileType = sourcecode.swift; path = VideoDetailView.swift; sourceTree = "<group>"; };
		23C7987D2E343B9F00583B05 /* Video.swift */ = {isa = PBXFileReference; lastKnownFileType = sourcecode.swift; path = Video.swift; sourceTree = "<group>"; };
		23C7987F2E343BAE00583B05 /* PlaylistResponse.swift */ = {isa = PBXFileReference; lastKnownFileType = sourcecode.swift; path = PlaylistResponse.swift; sourceTree = "<group>"; };
		23C798882E343FC400583B05 /* Config.xcconfig */ = {isa = PBXFileReference; lastKnownFileType = text.xcconfig; path = Config.xcconfig; sourceTree = "<group>"; };
		23C798962E36AA7300583B05 /* SearchView.swift */ = {isa = PBXFileReference; lastKnownFileType = sourcecode.swift; path = SearchView.swift; sourceTree = "<group>"; };
		23C798992E36B03400583B05 /* DebounceTextField.swift */ = {isa = PBXFileReference; lastKnownFileType = sourcecode.swift; path = DebounceTextField.swift; sourceTree = "<group>"; };
		23FF7F152E36D9F5006FAEFD /* Snippet.swift */ = {isa = PBXFileReference; lastKnownFileType = sourcecode.swift; path = Snippet.swift; sourceTree = "<group>"; };
		23FF7F172E36DA00006FAEFD /* ResourceId.swift */ = {isa = PBXFileReference; lastKnownFileType = sourcecode.swift; path = ResourceId.swift; sourceTree = "<group>"; };
		23FF7F192E36DA0A006FAEFD /* Thumbnails.swift */ = {isa = PBXFileReference; lastKnownFileType = sourcecode.swift; path = Thumbnails.swift; sourceTree = "<group>"; };
		23FF7F1B2E36DA17006FAEFD /* ThumbnailSize.swift */ = {isa = PBXFileReference; lastKnownFileType = sourcecode.swift; path = ThumbnailSize.swift; sourceTree = "<group>"; };
		23FF7F1F2E36EDD3006FAEFD /* SearchResponse.swift */ = {isa = PBXFileReference; lastKnownFileType = sourcecode.swift; path = SearchResponse.swift; sourceTree = "<group>"; };
		23FF7F222E36F314006FAEFD /* SearchItem.swift */ = {isa = PBXFileReference; lastKnownFileType = sourcecode.swift; path = SearchItem.swift; sourceTree = "<group>"; };
		23FF7F242E36F31D006FAEFD /* PageInfo.swift */ = {isa = PBXFileReference; lastKnownFileType = sourcecode.swift; path = PageInfo.swift; sourceTree = "<group>"; };
		23FF7F262E36F325006FAEFD /* ID.swift */ = {isa = PBXFileReference; lastKnownFileType = sourcecode.swift; path = ID.swift; sourceTree = "<group>"; };
		23FF7F282E36F32E006FAEFD /* IDKind.swift */ = {isa = PBXFileReference; lastKnownFileType = sourcecode.swift; path = IDKind.swift; sourceTree = "<group>"; };
		23FF7F2A2E36F337006FAEFD /* ItemKind.swift */ = {isa = PBXFileReference; lastKnownFileType = sourcecode.swift; path = ItemKind.swift; sourceTree = "<group>"; };
		23FF7F2C2E36F374006FAEFD /* VideoResult.swift */ = {isa = PBXFileReference; lastKnownFileType = sourcecode.swift; path = VideoResult.swift; sourceTree = "<group>"; };
/* End PBXFileReference section */

/* Begin PBXFileSystemSynchronizedBuildFileExceptionSet section */
		23C798922E34425A00583B05 /* Exceptions for "YouTubeApiApp" folder in "YouTubeApiApp" target */ = {
			isa = PBXFileSystemSynchronizedBuildFileExceptionSet;
			membershipExceptions = (
				Info.plist,
			);
			target = 23C798622E3439D200583B05 /* YouTubeApiApp */;
		};
/* End PBXFileSystemSynchronizedBuildFileExceptionSet section */

/* Begin PBXFileSystemSynchronizedRootGroup section */
		23C798652E3439D200583B05 /* YouTubeApiApp */ = {
			isa = PBXFileSystemSynchronizedRootGroup;
			exceptions = (
				23C798922E34425A00583B05 /* Exceptions for "YouTubeApiApp" folder in "YouTubeApiApp" target */,
			);
			path = YouTubeApiApp;
			sourceTree = "<group>";
		};
/* End PBXFileSystemSynchronizedRootGroup section */

/* Begin PBXFrameworksBuildPhase section */
		23C798602E3439D200583B05 /* Frameworks */ = {
			isa = PBXFrameworksBuildPhase;
			buildActionMask = 2147483647;
			files = (
				23C798952E3672B100583B05 /* YouTubePlayerKit in Frameworks */,
			);
			runOnlyForDeploymentPostprocessing = 0;
		};
/* End PBXFrameworksBuildPhase section */

/* Begin PBXGroup section */
		23C7985A2E3439D200583B05 = {
			isa = PBXGroup;
			children = (
				23C798882E343FC400583B05 /* Config.xcconfig */,
				23C798652E3439D200583B05 /* YouTubeApiApp */,
				23C798642E3439D200583B05 /* Products */,
				23C798722E343ADA00583B05 /* Services */,
				23C798732E343AE500583B05 /* Views */,
				23C798742E343AF600583B05 /* Models */,
				23C798982E36B01F00583B05 /* Components */,
			);
			sourceTree = "<group>";
		};
		23C798642E3439D200583B05 /* Products */ = {
			isa = PBXGroup;
			children = (
				23C798632E3439D200583B05 /* YouTubeApiApp.app */,
			);
			name = Products;
			sourceTree = "<group>";
		};
		23C798722E343ADA00583B05 /* Services */ = {
			isa = PBXGroup;
			children = (
				23C798752E343B1C00583B05 /* DataService.swift */,
			);
			path = Services;
			sourceTree = "<group>";
		};
		23C798732E343AE500583B05 /* Views */ = {
			isa = PBXGroup;
			children = (
				23C798682E3439D200583B05 /* HomeView.swift */,
				23C798772E343B4E00583B05 /* FeedView.swift */,
				23C798792E343B5800583B05 /* VideoRowView.swift */,
				23C7987B2E343B6700583B05 /* VideoDetailView.swift */,
				23C798962E36AA7300583B05 /* SearchView.swift */,
			);
			path = Views;
			sourceTree = "<group>";
		};
		23C798742E343AF600583B05 /* Models */ = {
			isa = PBXGroup;
			children = (
				23FF7F212E36F305006FAEFD /* Search */,
				23FF7F1D2E36DA31006FAEFD /* Playlist */,
				23C7987F2E343BAE00583B05 /* PlaylistResponse.swift */,
				23FF7F1F2E36EDD3006FAEFD /* SearchResponse.swift */,
				23FF7F242E36F31D006FAEFD /* PageInfo.swift */,
				23FF7F2C2E36F374006FAEFD /* VideoResult.swift */,
			);
			path = Models;
			sourceTree = "<group>";
		};
		23C798982E36B01F00583B05 /* Components */ = {
			isa = PBXGroup;
			children = (
				23C798992E36B03400583B05 /* DebounceTextField.swift */,
			);
			path = Components;
			sourceTree = "<group>";
		};
		23FF7F1D2E36DA31006FAEFD /* Playlist */ = {
			isa = PBXGroup;
			children = (
				23FF7F152E36D9F5006FAEFD /* Snippet.swift */,
				23C7987D2E343B9F00583B05 /* Video.swift */,
				23FF7F1B2E36DA17006FAEFD /* ThumbnailSize.swift */,
				23FF7F192E36DA0A006FAEFD /* Thumbnails.swift */,
				23FF7F172E36DA00006FAEFD /* ResourceId.swift */,
			);
			path = Playlist;
			sourceTree = "<group>";
		};
		23FF7F212E36F305006FAEFD /* Search */ = {
			isa = PBXGroup;
			children = (
				23FF7F222E36F314006FAEFD /* SearchItem.swift */,
				23FF7F262E36F325006FAEFD /* ID.swift */,
				23FF7F282E36F32E006FAEFD /* IDKind.swift */,
				23FF7F2A2E36F337006FAEFD /* ItemKind.swift */,
			);
			path = Search;
			sourceTree = "<group>";
		};
/* End PBXGroup section */

/* Begin PBXNativeTarget section */
		23C798622E3439D200583B05 /* YouTubeApiApp */ = {
			isa = PBXNativeTarget;
			buildConfigurationList = 23C7986E2E3439D400583B05 /* Build configuration list for PBXNativeTarget "YouTubeApiApp" */;
			buildPhases = (
				23C7985F2E3439D200583B05 /* Sources */,
				23C798602E3439D200583B05 /* Frameworks */,
				23C798612E3439D200583B05 /* Resources */,
			);
			buildRules = (
			);
			dependencies = (
			);
			fileSystemSynchronizedGroups = (
				23C798652E3439D200583B05 /* YouTubeApiApp */,
			);
			name = YouTubeApiApp;
			packageProductDependencies = (
				23C798942E3672B100583B05 /* YouTubePlayerKit */,
			);
			productName = YouTubeApiApp;
			productReference = 23C798632E3439D200583B05 /* YouTubeApiApp.app */;
			productType = "com.apple.product-type.application";
		};
/* End PBXNativeTarget section */

/* Begin PBXProject section */
		23C7985B2E3439D200583B05 /* Project object */ = {
			isa = PBXProject;
			attributes = {
				BuildIndependentTargetsInParallel = 1;
				LastSwiftUpdateCheck = 1640;
				LastUpgradeCheck = 1640;
				TargetAttributes = {
					23C798622E3439D200583B05 = {
						CreatedOnToolsVersion = 16.4;
					};
				};
			};
			buildConfigurationList = 23C7985E2E3439D200583B05 /* Build configuration list for PBXProject "YouTubeApiApp" */;
			developmentRegion = en;
			hasScannedForEncodings = 0;
			knownRegions = (
				en,
				Base,
			);
			mainGroup = 23C7985A2E3439D200583B05;
			minimizedProjectReferenceProxies = 1;
			packageReferences = (
				23C798932E3672B100583B05 /* XCRemoteSwiftPackageReference "YouTubePlayerKit" */,
			);
			preferredProjectObjectVersion = 77;
			productRefGroup = 23C798642E3439D200583B05 /* Products */;
			projectDirPath = "";
			projectRoot = "";
			targets = (
				23C798622E3439D200583B05 /* YouTubeApiApp */,
			);
		};
/* End PBXProject section */

/* Begin PBXResourcesBuildPhase section */
		23C798612E3439D200583B05 /* Resources */ = {
			isa = PBXResourcesBuildPhase;
			buildActionMask = 2147483647;
			files = (
				23C798892E343FC400583B05 /* Config.xcconfig in Resources */,
			);
			runOnlyForDeploymentPostprocessing = 0;
		};
/* End PBXResourcesBuildPhase section */

/* Begin PBXSourcesBuildPhase section */
		23C7985F2E3439D200583B05 /* Sources */ = {
			isa = PBXSourcesBuildPhase;
			buildActionMask = 2147483647;
			files = (
				23FF7F232E36F314006FAEFD /* SearchItem.swift in Sources */,
				23C798782E343B4E00583B05 /* FeedView.swift in Sources */,
				23FF7F272E36F325006FAEFD /* ID.swift in Sources */,
				23C798972E36AA7300583B05 /* SearchView.swift in Sources */,
				23FF7F202E36EDD8006FAEFD /* SearchResponse.swift in Sources */,
				23C7987C2E343B6700583B05 /* VideoDetailView.swift in Sources */,
				23C7987A2E343B5800583B05 /* VideoRowView.swift in Sources */,
				23C798802E343BAE00583B05 /* PlaylistResponse.swift in Sources */,
				23C7989A2E36B03400583B05 /* DebounceTextField.swift in Sources */,
				23FF7F252E36F31D006FAEFD /* PageInfo.swift in Sources */,
				23C798762E343B1C00583B05 /* DataService.swift in Sources */,
				23FF7F182E36DA00006FAEFD /* ResourceId.swift in Sources */,
				23C798692E3439D200583B05 /* HomeView.swift in Sources */,
				23FF7F2B2E36F337006FAEFD /* ItemKind.swift in Sources */,
				23FF7F292E36F32E006FAEFD /* IDKind.swift in Sources */,
				23FF7F162E36D9F5006FAEFD /* Snippet.swift in Sources */,
				23FF7F1C2E36DA17006FAEFD /* ThumbnailSize.swift in Sources */,
				23C7987E2E343B9F00583B05 /* Video.swift in Sources */,
				23FF7F2D2E36F374006FAEFD /* VideoResult.swift in Sources */,
				23FF7F1A2E36DA0A006FAEFD /* Thumbnails.swift in Sources */,
			);
			runOnlyForDeploymentPostprocessing = 0;
		};
/* End PBXSourcesBuildPhase section */

/* Begin XCBuildConfiguration section */
		23C7986C2E3439D400583B05 /* Debug */ = {
			isa = XCBuildConfiguration;
			baseConfigurationReference = 23C798882E343FC400583B05 /* Config.xcconfig */;
			buildSettings = {
				ALWAYS_SEARCH_USER_PATHS = NO;
				ASSETCATALOG_COMPILER_GENERATE_SWIFT_ASSET_SYMBOL_EXTENSIONS = YES;
				CLANG_ANALYZER_NONNULL = YES;
				CLANG_ANALYZER_NUMBER_OBJECT_CONVERSION = YES_AGGRESSIVE;
				CLANG_CXX_LANGUAGE_STANDARD = "gnu++20";
				CLANG_ENABLE_MODULES = YES;
				CLANG_ENABLE_OBJC_ARC = YES;
				CLANG_ENABLE_OBJC_WEAK = YES;
				CLANG_WARN_BLOCK_CAPTURE_AUTORELEASING = YES;
				CLANG_WARN_BOOL_CONVERSION = YES;
				CLANG_WARN_COMMA = YES;
				CLANG_WARN_CONSTANT_CONVERSION = YES;
				CLANG_WARN_DEPRECATED_OBJC_IMPLEMENTATIONS = YES;
				CLANG_WARN_DIRECT_OBJC_ISA_USAGE = YES_ERROR;
				CLANG_WARN_DOCUMENTATION_COMMENTS = YES;
				CLANG_WARN_EMPTY_BODY = YES;
				CLANG_WARN_ENUM_CONVERSION = YES;
				CLANG_WARN_INFINITE_RECURSION = YES;
				CLANG_WARN_INT_CONVERSION = YES;
				CLANG_WARN_NON_LITERAL_NULL_CONVERSION = YES;
				CLANG_WARN_OBJC_IMPLICIT_RETAIN_SELF = YES;
				CLANG_WARN_OBJC_LITERAL_CONVERSION = YES;
				CLANG_WARN_OBJC_ROOT_CLASS = YES_ERROR;
				CLANG_WARN_QUOTED_INCLUDE_IN_FRAMEWORK_HEADER = YES;
				CLANG_WARN_RANGE_LOOP_ANALYSIS = YES;
				CLANG_WARN_STRICT_PROTOTYPES = YES;
				CLANG_WARN_SUSPICIOUS_MOVE = YES;
				CLANG_WARN_UNGUARDED_AVAILABILITY = YES_AGGRESSIVE;
				CLANG_WARN_UNREACHABLE_CODE = YES;
				CLANG_WARN__DUPLICATE_METHOD_MATCH = YES;
				COPY_PHASE_STRIP = NO;
				DEBUG_INFORMATION_FORMAT = dwarf;
				DEVELOPMENT_TEAM = HCX43DJU6Q;
				ENABLE_STRICT_OBJC_MSGSEND = YES;
				ENABLE_TESTABILITY = YES;
				ENABLE_USER_SCRIPT_SANDBOXING = YES;
				GCC_C_LANGUAGE_STANDARD = gnu17;
				GCC_DYNAMIC_NO_PIC = NO;
				GCC_NO_COMMON_BLOCKS = YES;
				GCC_OPTIMIZATION_LEVEL = 0;
				GCC_PREPROCESSOR_DEFINITIONS = (
					"DEBUG=1",
					"$(inherited)",
				);
				GCC_WARN_64_TO_32_BIT_CONVERSION = YES;
				GCC_WARN_ABOUT_RETURN_TYPE = YES_ERROR;
				GCC_WARN_UNDECLARED_SELECTOR = YES;
				GCC_WARN_UNINITIALIZED_AUTOS = YES_AGGRESSIVE;
				GCC_WARN_UNUSED_FUNCTION = YES;
				GCC_WARN_UNUSED_VARIABLE = YES;
				IPHONEOS_DEPLOYMENT_TARGET = 18.5;
				LOCALIZATION_PREFERS_STRING_CATALOGS = YES;
				MTL_ENABLE_DEBUG_INFO = INCLUDE_SOURCE;
				MTL_FAST_MATH = YES;
				ONLY_ACTIVE_ARCH = YES;
				SDKROOT = iphoneos;
				SWIFT_ACTIVE_COMPILATION_CONDITIONS = "DEBUG $(inherited)";
				SWIFT_OPTIMIZATION_LEVEL = "-Onone";
			};
			name = Debug;
		};
		23C7986D2E3439D400583B05 /* Release */ = {
			isa = XCBuildConfiguration;
			baseConfigurationReference = 23C798882E343FC400583B05 /* Config.xcconfig */;
			buildSettings = {
				ALWAYS_SEARCH_USER_PATHS = NO;
				ASSETCATALOG_COMPILER_GENERATE_SWIFT_ASSET_SYMBOL_EXTENSIONS = YES;
				CLANG_ANALYZER_NONNULL = YES;
				CLANG_ANALYZER_NUMBER_OBJECT_CONVERSION = YES_AGGRESSIVE;
				CLANG_CXX_LANGUAGE_STANDARD = "gnu++20";
				CLANG_ENABLE_MODULES = YES;
				CLANG_ENABLE_OBJC_ARC = YES;
				CLANG_ENABLE_OBJC_WEAK = YES;
				CLANG_WARN_BLOCK_CAPTURE_AUTORELEASING = YES;
				CLANG_WARN_BOOL_CONVERSION = YES;
				CLANG_WARN_COMMA = YES;
				CLANG_WARN_CONSTANT_CONVERSION = YES;
				CLANG_WARN_DEPRECATED_OBJC_IMPLEMENTATIONS = YES;
				CLANG_WARN_DIRECT_OBJC_ISA_USAGE = YES_ERROR;
				CLANG_WARN_DOCUMENTATION_COMMENTS = YES;
				CLANG_WARN_EMPTY_BODY = YES;
				CLANG_WARN_ENUM_CONVERSION = YES;
				CLANG_WARN_INFINITE_RECURSION = YES;
				CLANG_WARN_INT_CONVERSION = YES;
				CLANG_WARN_NON_LITERAL_NULL_CONVERSION = YES;
				CLANG_WARN_OBJC_IMPLICIT_RETAIN_SELF = YES;
				CLANG_WARN_OBJC_LITERAL_CONVERSION = YES;
				CLANG_WARN_OBJC_ROOT_CLASS = YES_ERROR;
				CLANG_WARN_QUOTED_INCLUDE_IN_FRAMEWORK_HEADER = YES;
				CLANG_WARN_RANGE_LOOP_ANALYSIS = YES;
				CLANG_WARN_STRICT_PROTOTYPES = YES;
				CLANG_WARN_SUSPICIOUS_MOVE = YES;
				CLANG_WARN_UNGUARDED_AVAILABILITY = YES_AGGRESSIVE;
				CLANG_WARN_UNREACHABLE_CODE = YES;
				CLANG_WARN__DUPLICATE_METHOD_MATCH = YES;
				COPY_PHASE_STRIP = NO;
				DEBUG_INFORMATION_FORMAT = "dwarf-with-dsym";
				DEVELOPMENT_TEAM = HCX43DJU6Q;
				ENABLE_NS_ASSERTIONS = NO;
				ENABLE_STRICT_OBJC_MSGSEND = YES;
				ENABLE_USER_SCRIPT_SANDBOXING = YES;
				GCC_C_LANGUAGE_STANDARD = gnu17;
				GCC_NO_COMMON_BLOCKS = YES;
				GCC_WARN_64_TO_32_BIT_CONVERSION = YES;
				GCC_WARN_ABOUT_RETURN_TYPE = YES_ERROR;
				GCC_WARN_UNDECLARED_SELECTOR = YES;
				GCC_WARN_UNINITIALIZED_AUTOS = YES_AGGRESSIVE;
				GCC_WARN_UNUSED_FUNCTION = YES;
				GCC_WARN_UNUSED_VARIABLE = YES;
				IPHONEOS_DEPLOYMENT_TARGET = 18.5;
				LOCALIZATION_PREFERS_STRING_CATALOGS = YES;
				MTL_ENABLE_DEBUG_INFO = NO;
				MTL_FAST_MATH = YES;
				SDKROOT = iphoneos;
				SWIFT_COMPILATION_MODE = wholemodule;
				VALIDATE_PRODUCT = YES;
			};
			name = Release;
		};
		23C7986F2E3439D400583B05 /* Debug */ = {
			isa = XCBuildConfiguration;
			buildSettings = {
				ASSETCATALOG_COMPILER_APPICON_NAME = AppIcon;
				ASSETCATALOG_COMPILER_GLOBAL_ACCENT_COLOR_NAME = AccentColor;
				CODE_SIGN_STYLE = Automatic;
				CURRENT_PROJECT_VERSION = 1;
				DEVELOPMENT_TEAM = HCX43DJU6Q;
				ENABLE_PREVIEWS = YES;
				GENERATE_INFOPLIST_FILE = YES;
				INFOPLIST_FILE = YouTubeApiApp/Info.plist;
				INFOPLIST_KEY_UIApplicationSceneManifest_Generation = YES;
				INFOPLIST_KEY_UIApplicationSupportsIndirectInputEvents = YES;
				INFOPLIST_KEY_UILaunchScreen_Generation = YES;
				INFOPLIST_KEY_UISupportedInterfaceOrientations_iPad = "UIInterfaceOrientationPortrait UIInterfaceOrientationPortraitUpsideDown UIInterfaceOrientationLandscapeLeft UIInterfaceOrientationLandscapeRight";
				INFOPLIST_KEY_UISupportedInterfaceOrientations_iPhone = "UIInterfaceOrientationPortrait UIInterfaceOrientationLandscapeLeft UIInterfaceOrientationLandscapeRight";
				LD_RUNPATH_SEARCH_PATHS = (
					"$(inherited)",
					"@executable_path/Frameworks",
				);
				MARKETING_VERSION = 1.0;
				PRODUCT_BUNDLE_IDENTIFIER = "com.kyle-morton.YouTubeApiApp";
				PRODUCT_NAME = "$(TARGET_NAME)";
				SWIFT_EMIT_LOC_STRINGS = YES;
				SWIFT_VERSION = 5.0;
				TARGETED_DEVICE_FAMILY = "1,2";
			};
			name = Debug;
		};
		23C798702E3439D400583B05 /* Release */ = {
			isa = XCBuildConfiguration;
			buildSettings = {
				ASSETCATALOG_COMPILER_APPICON_NAME = AppIcon;
				ASSETCATALOG_COMPILER_GLOBAL_ACCENT_COLOR_NAME = AccentColor;
				CODE_SIGN_STYLE = Automatic;
				CURRENT_PROJECT_VERSION = 1;
				DEVELOPMENT_TEAM = HCX43DJU6Q;
				ENABLE_PREVIEWS = YES;
				GENERATE_INFOPLIST_FILE = YES;
				INFOPLIST_FILE = YouTubeApiApp/Info.plist;
				INFOPLIST_KEY_UIApplicationSceneManifest_Generation = YES;
				INFOPLIST_KEY_UIApplicationSupportsIndirectInputEvents = YES;
				INFOPLIST_KEY_UILaunchScreen_Generation = YES;
				INFOPLIST_KEY_UISupportedInterfaceOrientations_iPad = "UIInterfaceOrientationPortrait UIInterfaceOrientationPortraitUpsideDown UIInterfaceOrientationLandscapeLeft UIInterfaceOrientationLandscapeRight";
				INFOPLIST_KEY_UISupportedInterfaceOrientations_iPhone = "UIInterfaceOrientationPortrait UIInterfaceOrientationLandscapeLeft UIInterfaceOrientationLandscapeRight";
				LD_RUNPATH_SEARCH_PATHS = (
					"$(inherited)",
					"@executable_path/Frameworks",
				);
				MARKETING_VERSION = 1.0;
				PRODUCT_BUNDLE_IDENTIFIER = "com.kyle-morton.YouTubeApiApp";
				PRODUCT_NAME = "$(TARGET_NAME)";
				SWIFT_EMIT_LOC_STRINGS = YES;
				SWIFT_VERSION = 5.0;
				TARGETED_DEVICE_FAMILY = "1,2";
			};
			name = Release;
		};
/* End XCBuildConfiguration section */

/* Begin XCConfigurationList section */
		23C7985E2E3439D200583B05 /* Build configuration list for PBXProject "YouTubeApiApp" */ = {
			isa = XCConfigurationList;
			buildConfigurations = (
				23C7986C2E3439D400583B05 /* Debug */,
				23C7986D2E3439D400583B05 /* Release */,
			);
			defaultConfigurationIsVisible = 0;
			defaultConfigurationName = Release;
		};
		23C7986E2E3439D400583B05 /* Build configuration list for PBXNativeTarget "YouTubeApiApp" */ = {
			isa = XCConfigurationList;
			buildConfigurations = (
				23C7986F2E3439D400583B05 /* Debug */,
				23C798702E3439D400583B05 /* Release */,
			);
			defaultConfigurationIsVisible = 0;
			defaultConfigurationName = Release;
		};
/* End XCConfigurationList section */

/* Begin XCRemoteSwiftPackageReference section */
		23C798932E3672B100583B05 /* XCRemoteSwiftPackageReference "YouTubePlayerKit" */ = {
			isa = XCRemoteSwiftPackageReference;
			repositoryURL = "https://github.com/SvenTiigi/YouTubePlayerKit.git";
			requirement = {
				kind = upToNextMajorVersion;
				minimumVersion = 2.0.1;
			};
		};
/* End XCRemoteSwiftPackageReference section */

/* Begin XCSwiftPackageProductDependency section */
		23C798942E3672B100583B05 /* YouTubePlayerKit */ = {
			isa = XCSwiftPackageProductDependency;
			package = 23C798932E3672B100583B05 /* XCRemoteSwiftPackageReference "YouTubePlayerKit" */;
			productName = YouTubePlayerKit;
		};
/* End XCSwiftPackageProductDependency section */
	};
	rootObject = 23C7985B2E3439D200583B05 /* Project object */;
}
